
Microsoft Visual Studio Solution File, Format Version 12.00
# Visual Studio Version 16
Project("{8BC9CEB8-8B4A-11D0-8D11-00A0C91BC942}") = "ALL_BUILD", "ALL_BUILD.vcxproj", "{668547F1-CA6D-3F84-B358-9BD5AB661B58}"
	ProjectSection(ProjectDependencies) = postProject
		{8F82B1BA-437E-3100-917C-A2444AC3CCE8} = {8F82B1BA-437E-3100-917C-A2444AC3CCE8}
	EndProjectSection
EndProject
Project("{8BC9CEB8-8B4A-11D0-8D11-00A0C91BC942}") = "libLaneFreePlugin", "libLaneFreePlugin.vcxproj", "{8F82B1BA-437E-3100-917C-A2444AC3CCE8}"
	ProjectSection(ProjectDependencies) = postProject
	EndProjectSection
EndProject
Global
	GlobalSection(SolutionConfigurationPlatforms) = preSolution
		Debug|x64 = Debug|x64
		Release|x64 = Release|x64
		MinSizeRel|x64 = MinSizeRel|x64
		RelWithDebInfo|x64 = RelWithDebInfo|x64
	EndGlobalSection
	GlobalSection(ProjectConfigurationPlatforms) = postSolution
		{668547F1-CA6D-3F84-B358-9BD5AB661B58}.Debug|x64.ActiveCfg = Debug|x64
		{668547F1-CA6D-3F84-B358-9BD5AB661B58}.Release|x64.ActiveCfg = Release|x64
		{668547F1-CA6D-3F84-B358-9BD5AB661B58}.MinSizeRel|x64.ActiveCfg = MinSizeRel|x64
		{668547F1-CA6D-3F84-B358-9BD5AB661B58}.RelWithDebInfo|x64.ActiveCfg = RelWithDebInfo|x64
		{8F82B1BA-437E-3100-917C-A2444AC3CCE8}.Debug|x64.ActiveCfg = Debug|x64
		{8F82B1BA-437E-3100-917C-A2444AC3CCE8}.Debug|x64.Build.0 = Debug|x64
		{8F82B1BA-437E-3100-917C-A2444AC3CCE8}.Release|x64.ActiveCfg = Release|x64
		{8F82B1BA-437E-3100-917C-A2444AC3CCE8}.Release|x64.Build.0 = Release|x64
		{8F82B1BA-437E-3100-917C-A2444AC3CCE8}.MinSizeRel|x64.ActiveCfg = MinSizeRel|x64
		{8F82B1BA-437E-3100-917C-A2444AC3CCE8}.MinSizeRel|x64.Build.0 = MinSizeRel|x64
		{8F82B1BA-437E-3100-917C-A2444AC3CCE8}.RelWithDebInfo|x64.ActiveCfg = RelWithDebInfo|x64
		{8F82B1BA-437E-3100-917C-A2444AC3CCE8}.RelWithDebInfo|x64.Build.0 = RelWithDebInfo|x64
	EndGlobalSection
	GlobalSection(ExtensibilityGlobals) = postSolution
		SolutionGuid = {5A33BB14-DD24-38CB-9771-6C7EB3FC8B04}
	EndGlobalSection
	GlobalSection(ExtensibilityAddIns) = postSolution
	EndGlobalSection
EndGlobal
